
Microsoft Visual Studio Solution File, Format Version 12.00
# Visual Studio Version 17
VisualStudioVersion = 17.12.35707.178
MinimumVisualStudioVersion = 10.0.40219.1
Project("{FAE04EC0-301F-11D3-BF4B-00C04F79EFBC}") = "CyberSecurityChatbotGUI", "CyberSecurityChatbotGUI.csproj", "{DEE363C2-1BC5-4843-82CA-6A7D73E947EE}"
EndProject
Global
	GlobalSection(SolutionConfigurationPlatforms) = preSolution
		Debug|Any CPU = Debug|Any CPU
		Release|Any CPU = Release|Any CPU
	EndGlobalSection
	GlobalSection(ProjectConfigurationPlatforms) = postSolution
		{DEE363C2-1BC5-4843-82CA-6A7D73E947EE}.Debug|Any CPU.ActiveCfg = Debug|Any CPU
		{DEE363C2-1BC5-4843-82CA-6A7D73E947EE}.Debug|Any CPU.Build.0 = Debug|Any CPU
		{DEE363C2-1BC5-4843-82CA-6A7D73E947EE}.Release|Any CPU.ActiveCfg = Release|Any CPU
		{DEE363C2-1BC5-4843-82CA-6A7D73E947EE}.Release|Any CPU.Build.0 = Release|Any CPU
	EndGlobalSection
	GlobalSection(SolutionProperties) = preSolution
		HideSolutionNode = FALSE
	EndGlobalSection
EndGlobal
